
Microsoft Visual Studio Solution File, Format Version 12.00
# Visual Studio 15
VisualStudioVersion = 15.0.28307.757
MinimumVisualStudioVersion = 10.0.40219.1
Project("{FAE04EC0-301F-11D3-BF4B-00C04F79EFBC}") = "CSCodeCompiler", "CSCodeCompiler\CSCodeCompiler.csproj", "{1E27FAAB-E19A-4831-8024-65DE005B2A10}"
EndProject
Global
	GlobalSection(SolutionConfigurationPlatforms) = preSolution
		Debug|Any CPU = Debug|Any CPU
		Release|Any CPU = Release|Any CPU
	EndGlobalSection
	GlobalSection(ProjectConfigurationPlatforms) = postSolution
		{1E27FAAB-E19A-4831-8024-65DE005B2A10}.Debug|Any CPU.ActiveCfg = Release|Any CPU
		{1E27FAAB-E19A-4831-8024-65DE005B2A10}.Debug|Any CPU.Build.0 = Release|Any CPU
		{1E27FAAB-E19A-4831-8024-65DE005B2A10}.Release|Any CPU.ActiveCfg = Release|Any CPU
		{1E27FAAB-E19A-4831-8024-65DE005B2A10}.Release|Any CPU.Build.0 = Release|Any CPU
	EndGlobalSection
	GlobalSection(SolutionProperties) = preSolution
		HideSolutionNode = FALSE
	EndGlobalSection
	GlobalSection(ExtensibilityGlobals) = postSolution
		SolutionGuid = {925F6191-EAA8-4AF1-9798-714A39DA85AC}
	EndGlobalSection
EndGlobal
